
Microsoft Visual Studio Solution File, Format Version 12.00
# Visual Studio Version 17
VisualStudioVersion = 17.0.31903.59
MinimumVisualStudioVersion = 10.0.40219.1
Project("{2150E333-8FDC-42A3-9474-1A3956D46DE8}") = "src", "src", "{3CB572DE-B593-4BD7-9611-75F0A7286E43}"
EndProject
Project("{FAE04EC0-301F-11D3-BF4B-00C04F79EFBC}") = "AuctionService", "src\AuctionService\AuctionService.csproj", "{694D118D-1B57-4D51-AFD8-F42FAF6EDE0D}"
EndProject
Project("{FAE04EC0-301F-11D3-BF4B-00C04F79EFBC}") = "SearchService", "src\SearchService\SearchService.csproj", "{75B17459-7C34-42B7-8E18-2AD352BD7C22}"
EndProject
Project("{FAE04EC0-301F-11D3-BF4B-00C04F79EFBC}") = "Contracts", "src\Contracts\Contracts.csproj", "{0C9BCFCF-6B30-4646-882B-4BF15120F6A1}"
EndProject
Project("{FAE04EC0-301F-11D3-BF4B-00C04F79EFBC}") = "IdentityService", "src\IdentityService\IdentityService.csproj", "{B8539BE4-1289-4D96-9385-EC90EEF04B1D}"
EndProject
Project("{FAE04EC0-301F-11D3-BF4B-00C04F79EFBC}") = "GatewayService", "src\GatewayService\GatewayService.csproj", "{2598C3F2-CB99-4A54-B073-604A5E0A46D8}"
EndProject
Global
	GlobalSection(SolutionConfigurationPlatforms) = preSolution
		Debug|Any CPU = Debug|Any CPU
		Release|Any CPU = Release|Any CPU
	EndGlobalSection
	GlobalSection(ProjectConfigurationPlatforms) = postSolution
		{694D118D-1B57-4D51-AFD8-F42FAF6EDE0D}.Debug|Any CPU.ActiveCfg = Debug|Any CPU
		{694D118D-1B57-4D51-AFD8-F42FAF6EDE0D}.Debug|Any CPU.Build.0 = Debug|Any CPU
		{694D118D-1B57-4D51-AFD8-F42FAF6EDE0D}.Release|Any CPU.ActiveCfg = Release|Any CPU
		{694D118D-1B57-4D51-AFD8-F42FAF6EDE0D}.Release|Any CPU.Build.0 = Release|Any CPU
		{75B17459-7C34-42B7-8E18-2AD352BD7C22}.Debug|Any CPU.ActiveCfg = Debug|Any CPU
		{75B17459-7C34-42B7-8E18-2AD352BD7C22}.Debug|Any CPU.Build.0 = Debug|Any CPU
		{75B17459-7C34-42B7-8E18-2AD352BD7C22}.Release|Any CPU.ActiveCfg = Release|Any CPU
		{75B17459-7C34-42B7-8E18-2AD352BD7C22}.Release|Any CPU.Build.0 = Release|Any CPU
		{0C9BCFCF-6B30-4646-882B-4BF15120F6A1}.Debug|Any CPU.ActiveCfg = Debug|Any CPU
		{0C9BCFCF-6B30-4646-882B-4BF15120F6A1}.Debug|Any CPU.Build.0 = Debug|Any CPU
		{0C9BCFCF-6B30-4646-882B-4BF15120F6A1}.Release|Any CPU.ActiveCfg = Release|Any CPU
		{0C9BCFCF-6B30-4646-882B-4BF15120F6A1}.Release|Any CPU.Build.0 = Release|Any CPU
		{B8539BE4-1289-4D96-9385-EC90EEF04B1D}.Debug|Any CPU.ActiveCfg = Debug|Any CPU
		{B8539BE4-1289-4D96-9385-EC90EEF04B1D}.Debug|Any CPU.Build.0 = Debug|Any CPU
		{B8539BE4-1289-4D96-9385-EC90EEF04B1D}.Release|Any CPU.ActiveCfg = Release|Any CPU
		{B8539BE4-1289-4D96-9385-EC90EEF04B1D}.Release|Any CPU.Build.0 = Release|Any CPU
		{2598C3F2-CB99-4A54-B073-604A5E0A46D8}.Debug|Any CPU.ActiveCfg = Debug|Any CPU
		{2598C3F2-CB99-4A54-B073-604A5E0A46D8}.Debug|Any CPU.Build.0 = Debug|Any CPU
		{2598C3F2-CB99-4A54-B073-604A5E0A46D8}.Release|Any CPU.ActiveCfg = Release|Any CPU
		{2598C3F2-CB99-4A54-B073-604A5E0A46D8}.Release|Any CPU.Build.0 = Release|Any CPU
	EndGlobalSection
	GlobalSection(SolutionProperties) = preSolution
		HideSolutionNode = FALSE
	EndGlobalSection
	GlobalSection(NestedProjects) = preSolution
		{694D118D-1B57-4D51-AFD8-F42FAF6EDE0D} = {3CB572DE-B593-4BD7-9611-75F0A7286E43}
		{75B17459-7C34-42B7-8E18-2AD352BD7C22} = {3CB572DE-B593-4BD7-9611-75F0A7286E43}
		{0C9BCFCF-6B30-4646-882B-4BF15120F6A1} = {3CB572DE-B593-4BD7-9611-75F0A7286E43}
		{B8539BE4-1289-4D96-9385-EC90EEF04B1D} = {3CB572DE-B593-4BD7-9611-75F0A7286E43}
		{2598C3F2-CB99-4A54-B073-604A5E0A46D8} = {3CB572DE-B593-4BD7-9611-75F0A7286E43}
	EndGlobalSection
	GlobalSection(ExtensibilityGlobals) = postSolution
		SolutionGuid = {DFAC3EDB-4786-4B09-9AE4-F1B66A388D69}
	EndGlobalSection
EndGlobal
